Microsoft Visual Studio Solution File, Format Version 12.00
# Visual Studio Version 17
VisualStudioVersion = 17.5.2.0
MinimumVisualStudioVersion = 10.0.40219.1
Project("{FAE04EC0-301F-11D3-BF4B-00C04F79EFBC}") = "RunnerGame", "RunnerGame.csproj", "{8636293A-EAC1-9DCE-C7E4-72034D527489}"
EndProject
Global
	GlobalSection(SolutionConfigurationPlatforms) = preSolution
		Debug|Any CPU = Debug|Any CPU
		Release|Any CPU = Release|Any CPU
	EndGlobalSection
	GlobalSection(ProjectConfigurationPlatforms) = postSolution
		{8636293A-EAC1-9DCE-C7E4-72034D527489}.Debug|Any CPU.ActiveCfg = Debug|Any CPU
		{8636293A-EAC1-9DCE-C7E4-72034D527489}.Debug|Any CPU.Build.0 = Debug|Any CPU
		{8636293A-EAC1-9DCE-C7E4-72034D527489}.Release|Any CPU.ActiveCfg = Release|Any CPU
		{8636293A-EAC1-9DCE-C7E4-72034D527489}.Release|Any CPU.Build.0 = Release|Any CPU
	EndGlobalSection
	GlobalSection(SolutionProperties) = preSolution
		HideSolutionNode = FALSE
	EndGlobalSection
	GlobalSection(ExtensibilityGlobals) = postSolution
		SolutionGuid = {66619B06-6191-426E-94B9-F28C035FE74B}
	EndGlobalSection
EndGlobal
